
Microsoft Visual Studio Solution File, Format Version 12.00
# Visual Studio Version 17
VisualStudioVersion = 17.10.35004.147
MinimumVisualStudioVersion = 10.0.40219.1
Project("{8BC9CEB8-8B4A-11D0-8D11-00A0C91BC942}") = "BOJ_2346", "BOJ_2346.vcxproj", "{95FF9368-4F1A-4522-A106-EA03812EE619}"
EndProject
Global
	GlobalSection(SolutionConfigurationPlatforms) = preSolution
		Debug|x64 = Debug|x64
		Release|x64 = Release|x64
	EndGlobalSection
	GlobalSection(ProjectConfigurationPlatforms) = postSolution
		{95FF9368-4F1A-4522-A106-EA03812EE619}.Debug|x64.ActiveCfg = Debug|x64
		{95FF9368-4F1A-4522-A106-EA03812EE619}.Debug|x64.Build.0 = Debug|x64
		{95FF9368-4F1A-4522-A106-EA03812EE619}.Release|x64.ActiveCfg = Release|x64
		{95FF9368-4F1A-4522-A106-EA03812EE619}.Release|x64.Build.0 = Release|x64
	EndGlobalSection
	GlobalSection(SolutionProperties) = preSolution
		HideSolutionNode = FALSE
	EndGlobalSection
	GlobalSection(ExtensibilityGlobals) = postSolution
		SolutionGuid = {D73E8C24-4C89-4AE1-BC86-3E985FFB9230}
	EndGlobalSection
EndGlobal
